
Microsoft Visual Studio Solution File, Format Version 12.00
# Visual Studio Version 17
VisualStudioVersion = 17.7.34202.233
MinimumVisualStudioVersion = 10.0.40219.1
Project("{9A19103F-16F7-4668-BE54-9A1E7A4F7556}") = "ExpenseTracker", "ExpenseTracker\ExpenseTracker.csproj", "{C613621D-310B-435B-865B-4C624B5EDCB3}"
EndProject
Global
	GlobalSection(SolutionConfigurationPlatforms) = preSolution
		Debug|Any CPU = Debug|Any CPU
		Release|Any CPU = Release|Any CPU
	EndGlobalSection
	GlobalSection(ProjectConfigurationPlatforms) = postSolution
		{C613621D-310B-435B-865B-4C624B5EDCB3}.Debug|Any CPU.ActiveCfg = Debug|Any CPU
		{C613621D-310B-435B-865B-4C624B5EDCB3}.Debug|Any CPU.Build.0 = Debug|Any CPU
		{C613621D-310B-435B-865B-4C624B5EDCB3}.Release|Any CPU.ActiveCfg = Release|Any CPU
		{C613621D-310B-435B-865B-4C624B5EDCB3}.Release|Any CPU.Build.0 = Release|Any CPU
	EndGlobalSection
	GlobalSection(SolutionProperties) = preSolution
		HideSolutionNode = FALSE
	EndGlobalSection
	GlobalSection(ExtensibilityGlobals) = postSolution
		SolutionGuid = {57849726-D1E3-4C7D-A475-9A5B389A69E7}
	EndGlobalSection
EndGlobal
